
Microsoft Visual Studio Solution File, Format Version 12.00
# Visual Studio Version 16
VisualStudioVersion = 16.0.29411.108
MinimumVisualStudioVersion = 10.0.40219.1
Project("{8BC9CEB8-8B4A-11D0-8D11-00A0C91BC942}") = "JSON_parser", "JSON_parser\JSON_parser.vcxproj", "{143061DD-A172-4B65-8FB8-2B9FD0C257F8}"
EndProject
Project("{8BC9CEB8-8B4A-11D0-8D11-00A0C91BC942}") = "JSON_TEST", "JSON_TEST\JSON_TEST.vcxproj", "{34EA9C12-1803-48B1-9C19-28AC91EF90B2}"
EndProject
Global
	GlobalSection(SolutionConfigurationPlatforms) = preSolution
		Debug|x64 = Debug|x64
		Debug|x86 = Debug|x86
		Release|x64 = Release|x64
		Release|x86 = Release|x86
	EndGlobalSection
	GlobalSection(ProjectConfigurationPlatforms) = postSolution
		{143061DD-A172-4B65-8FB8-2B9FD0C257F8}.Debug|x64.ActiveCfg = Debug|x64
		{143061DD-A172-4B65-8FB8-2B9FD0C257F8}.Debug|x64.Build.0 = Debug|x64
		{143061DD-A172-4B65-8FB8-2B9FD0C257F8}.Debug|x86.ActiveCfg = Debug|Win32
		{143061DD-A172-4B65-8FB8-2B9FD0C257F8}.Debug|x86.Build.0 = Debug|Win32
		{143061DD-A172-4B65-8FB8-2B9FD0C257F8}.Release|x64.ActiveCfg = Release|x64
		{143061DD-A172-4B65-8FB8-2B9FD0C257F8}.Release|x64.Build.0 = Release|x64
		{143061DD-A172-4B65-8FB8-2B9FD0C257F8}.Release|x86.ActiveCfg = Release|Win32
		{143061DD-A172-4B65-8FB8-2B9FD0C257F8}.Release|x86.Build.0 = Release|Win32
		{34EA9C12-1803-48B1-9C19-28AC91EF90B2}.Debug|x64.ActiveCfg = Debug|x64
		{34EA9C12-1803-48B1-9C19-28AC91EF90B2}.Debug|x64.Build.0 = Debug|x64
		{34EA9C12-1803-48B1-9C19-28AC91EF90B2}.Debug|x86.ActiveCfg = Debug|Win32
		{34EA9C12-1803-48B1-9C19-28AC91EF90B2}.Debug|x86.Build.0 = Debug|Win32
		{34EA9C12-1803-48B1-9C19-28AC91EF90B2}.Release|x64.ActiveCfg = Release|x64
		{34EA9C12-1803-48B1-9C19-28AC91EF90B2}.Release|x64.Build.0 = Release|x64
		{34EA9C12-1803-48B1-9C19-28AC91EF90B2}.Release|x86.ActiveCfg = Release|Win32
		{34EA9C12-1803-48B1-9C19-28AC91EF90B2}.Release|x86.Build.0 = Release|Win32
	EndGlobalSection
	GlobalSection(SolutionProperties) = preSolution
		HideSolutionNode = FALSE
	EndGlobalSection
	GlobalSection(ExtensibilityGlobals) = postSolution
		SolutionGuid = {9333820A-AFF0-4110-9E0C-A776693D07AD}
	EndGlobalSection
EndGlobal
